{
  "name": "@markup-carve/carve-proofs",
  "version": "0.1.0",
  "lockfileVersion": 3,
  "requires": true,
  "packages": {
    "": {
      "name": "@markup-carve/carve-proofs",
      "version": "0.1.0",
      "license": "MIT",
      "devDependencies": {
        "@markup-carve/carve": "github:markup-carve/carve-js#c5df77f658c80a3a80a4d31ec1855d854e5da648",
        "ohm-js": "^17.5.0"
      },
      "engines": {
        "node": ">=24"
      }
    },
    "node_modules/@markup-carve/carve": {
      "version": "0.1.8",
      "resolved": "git+ssh://git@github.com/markup-carve/carve-js.git#c5df77f658c80a3a80a4d31ec1855d854e5da648",
      "integrity": "sha512-ZInC9M/gl+rkgw7mQ+1I5sU/mECVV6187IAyXPFGm69MjVUCPSEWrxN2sBwGI8v5zBOhJjkRUahdGN9AArAyjw==",
      "dev": true,
      "license": "MIT",
      "dependencies": {
        "parse5": "^7.3.0"
      },
      "bin": {
        "carve": "dist/cli.js"
      },
      "engines": {
        "node": ">=20"
      },
      "peerDependencies": {
        "@djot/djot": "^0.3.2"
      },
      "peerDependenciesMeta": {
        "@djot/djot": {
          "optional": true
        }
      }
    },
    "node_modules/entities": {
      "version": "6.0.1",
      "resolved": "https://registry.npmjs.org/entities/-/entities-6.0.1.tgz",
      "integrity": "sha512-aN97NXWF6AWBTahfVOIrB/NShkzi5H7F9r1s9mD3cDj4Ko5f2qhhVoYMibXF7GlLveb/D2ioWay8lxI97Ven3g==",
      "dev": true,
      "license": "BSD-2-Clause",
      "engines": {
        "node": ">=0.12"
      },
      "funding": {
        "url": "https://github.com/fb55/entities?sponsor=1"
      }
    },
    "node_modules/ohm-js": {
      "version": "17.5.0",
      "resolved": "https://registry.npmjs.org/ohm-js/-/ohm-js-17.5.0.tgz",
      "integrity": "sha512-l4Sa7026+6jsvYbt0PXKmL+f+ML32fD++IznLgxDhx2t9Cx6NC7zwRqblCujPHGGmkQerHoeBzRutdxaw/S72g==",
      "dev": true,
      "license": "MIT",
      "engines": {
        "node": ">=0.12.1"
      }
    },
    "node_modules/parse5": {
      "version": "7.3.0",
      "resolved": "https://registry.npmjs.org/parse5/-/parse5-7.3.0.tgz",
      "integrity": "sha512-IInvU7fabl34qmi9gY8XOVxhYyMyuH2xUNpb2q8/Y+7552KlejkRvqvD19nMoUW/uQGGbqNpA6Tufu5FL5BZgw==",
      "dev": true,
      "license": "MIT",
      "dependencies": {
        "entities": "^6.0.0"
      },
      "funding": {
        "url": "https://github.com/inikulin/parse5?sponsor=1"
      }
    }
  }
}
